
Microsoft Visual Studio Solution File, Format Version 12.00
# Visual Studio Version 16
VisualStudioVersion = 16.0.30804.86
MinimumVisualStudioVersion = 10.0.40219.1
Project("{FAE04EC0-301F-11D3-BF4B-00C04F79EFBC}") = "Area", "Area\Area.csproj", "{D175F350-08B2-45FC-A6EC-C5C28191155D}"
EndProject
Project("{FAE04EC0-301F-11D3-BF4B-00C04F79EFBC}") = "Area.Tests", "Area.Tests\Area.Tests.csproj", "{F6A859F1-9C43-4C67-80E2-B8DAB46F8C6E}"
EndProject
Global
	GlobalSection(SolutionConfigurationPlatforms) = preSolution
		Debug|Any CPU = Debug|Any CPU
		Release|Any CPU = Release|Any CPU
	EndGlobalSection
	GlobalSection(ProjectConfigurationPlatforms) = postSolution
		{D175F350-08B2-45FC-A6EC-C5C28191155D}.Debug|Any CPU.ActiveCfg = Debug|Any CPU
		{D175F350-08B2-45FC-A6EC-C5C28191155D}.Debug|Any CPU.Build.0 = Debug|Any CPU
		{D175F350-08B2-45FC-A6EC-C5C28191155D}.Release|Any CPU.ActiveCfg = Release|Any CPU
		{D175F350-08B2-45FC-A6EC-C5C28191155D}.Release|Any CPU.Build.0 = Release|Any CPU
		{F6A859F1-9C43-4C67-80E2-B8DAB46F8C6E}.Debug|Any CPU.ActiveCfg = Debug|Any CPU
		{F6A859F1-9C43-4C67-80E2-B8DAB46F8C6E}.Debug|Any CPU.Build.0 = Debug|Any CPU
		{F6A859F1-9C43-4C67-80E2-B8DAB46F8C6E}.Release|Any CPU.ActiveCfg = Release|Any CPU
		{F6A859F1-9C43-4C67-80E2-B8DAB46F8C6E}.Release|Any CPU.Build.0 = Release|Any CPU
	EndGlobalSection
	GlobalSection(SolutionProperties) = preSolution
		HideSolutionNode = FALSE
	EndGlobalSection
	GlobalSection(ExtensibilityGlobals) = postSolution
		SolutionGuid = {2A1F568D-6FD7-4EC8-9B66-62EEFF639C92}
	EndGlobalSection
EndGlobal
